// !$*UTF8*$!
{
	archiveVersion = 1;
	classes = {
	};
	objectVersion = 46;
	objects = {

/* Begin PBXBuildFile section */
		965709BD7C8F5116C003C037 /* libPods.a in Frameworks */ = {isa = PBXBuildFile; fileRef = 6C8555D544E13834548D3F6A /* libPods.a */; };
		A1D5043B1C52426C004858E9 /* main.m in Sources */ = {isa = PBXBuildFile; fileRef = A1D5043A1C52426C004858E9 /* main.m */; };
		A1D5043E1C52426C004858E9 /* AppDelegate.m in Sources */ = {isa = PBXBuildFile; fileRef = A1D5043D1C52426C004858E9 /* AppDelegate.m */; };
		A1D504411C52426C004858E9 /* ViewController.m in Sources */ = {isa = PBXBuildFile; fileRef = A1D504401C52426C004858E9 /* ViewController.m */; };
		A1D504441C52426C004858E9 /* Main.storyboard in Resources */ = {isa = PBXBuildFile; fileRef = A1D504421C52426C004858E9 /* Main.storyboard */; };
		A1D504471C52426C004858E9 /* BeRepublicMusic.xcdatamodeld in Sources */ = {isa = PBXBuildFile; fileRef = A1D504451C52426C004858E9 /* BeRepublicMusic.xcdatamodeld */; };
		A1D504491C52426C004858E9 /* Assets.xcassets in Resources */ = {isa = PBXBuildFile; fileRef = A1D504481C52426C004858E9 /* Assets.xcassets */; };
		A1D5044C1C52426C004858E9 /* LaunchScreen.storyboard in Resources */ = {isa = PBXBuildFile; fileRef = A1D5044A1C52426C004858E9 /* LaunchScreen.storyboard */; };
		A1D504551C524860004858E9 /* MMAPI.m in Sources */ = {isa = PBXBuildFile; fileRef = A1D504541C524860004858E9 /* MMAPI.m */; };
		A1D504591C524D12004858E9 /* MMQueryTableViewCell.m in Sources */ = {isa = PBXBuildFile; fileRef = A1D504581C524D12004858E9 /* MMQueryTableViewCell.m */; };
		A1D5045C1C525162004858E9 /* MMAlbumObject.m in Sources */ = {isa = PBXBuildFile; fileRef = A1D5045B1C525162004858E9 /* MMAlbumObject.m */; };
		A1D5045E1C5266BA004858E9 /* placeholder.jpg in Resources */ = {isa = PBXBuildFile; fileRef = A1D5045D1C5266BA004858E9 /* placeholder.jpg */; };
/* End PBXBuildFile section */

/* Begin PBXFileReference section */
		00094F2AFB2CE4C5A1B4C54A /* Pods.release.xcconfig */ = {isa = PBXFileReference; includeInIndex = 1; lastKnownFileType = text.xcconfig; name = Pods.release.xcconfig; path = "Pods/Target Support Files/Pods/Pods.release.xcconfig"; sourceTree = "<group>"; };
		6C8555D544E13834548D3F6A /* libPods.a */ = {isa = PBXFileReference; explicitFileType = archive.ar; includeInIndex = 0; path = libPods.a; sourceTree = BUILT_PRODUCTS_DIR; };
		A1D504361C52426B004858E9 /* BeRepublicMusic.app */ = {isa = PBXFileReference; explicitFileType = wrapper.application; includeInIndex = 0; path = BeRepublicMusic.app; sourceTree = BUILT_PRODUCTS_DIR; };
		A1D5043A1C52426C004858E9 /* main.m */ = {isa = PBXFileReference; lastKnownFileType = sourcecode.c.objc; path = main.m; sourceTree = "<group>"; };
		A1D5043C1C52426C004858E9 /* AppDelegate.h */ = {isa = PBXFileReference; lastKnownFileType = sourcecode.c.h; path = AppDelegate.h; sourceTree = "<group>"; };
		A1D5043D1C52426C004858E9 /* AppDelegate.m */ = {isa = PBXFileReference; lastKnownFileType = sourcecode.c.objc; path = AppDelegate.m; sourceTree = "<group>"; };
		A1D5043F1C52426C004858E9 /* ViewController.h */ = {isa = PBXFileReference; lastKnownFileType = sourcecode.c.h; path = ViewController.h; sourceTree = "<group>"; };
		A1D504401C52426C004858E9 /* ViewController.m */ = {isa = PBXFileReference; lastKnownFileType = sourcecode.c.objc; path = ViewController.m; sourceTree = "<group>"; };
		A1D504431C52426C004858E9 /* Base */ = {isa = PBXFileReference; lastKnownFileType = file.storyboard; name = Base; path = Base.lproj/Main.storyboard; sourceTree = "<group>"; };
		A1D504461C52426C004858E9 /* BeRepublicMusic.xcdatamodel */ = {isa = PBXFileReference; lastKnownFileType = wrapper.xcdatamodel; path = BeRepublicMusic.xcdatamodel; sourceTree = "<group>"; };
		A1D504481C52426C004858E9 /* Assets.xcassets */ = {isa = PBXFileReference; lastKnownFileType = folder.assetcatalog; path = Assets.xcassets; sourceTree = "<group>"; };
		A1D5044B1C52426C004858E9 /* Base */ = {isa = PBXFileReference; lastKnownFileType = file.storyboard; name = Base; path = Base.lproj/LaunchScreen.storyboard; sourceTree = "<group>"; };
		A1D5044D1C52426C004858E9 /* Info.plist */ = {isa = PBXFileReference; lastKnownFileType = text.plist.xml; path = Info.plist; sourceTree = "<group>"; };
		A1D504531C524860004858E9 /* MMAPI.h */ = {isa = PBXFileReference; fileEncoding = 4; lastKnownFileType = sourcecode.c.h; path = MMAPI.h; sourceTree = "<group>"; };
		A1D504541C524860004858E9 /* MMAPI.m */ = {isa = PBXFileReference; fileEncoding = 4; lastKnownFileType = sourcecode.c.objc; path = MMAPI.m; sourceTree = "<group>"; };
		A1D504571C524D12004858E9 /* MMQueryTableViewCell.h */ = {isa = PBXFileReference; fileEncoding = 4; lastKnownFileType = sourcecode.c.h; path = MMQueryTableViewCell.h; sourceTree = "<group>"; };
		A1D504581C524D12004858E9 /* MMQueryTableViewCell.m */ = {isa = PBXFileReference; fileEncoding = 4; lastKnownFileType = sourcecode.c.objc; path = MMQueryTableViewCell.m; sourceTree = "<group>"; };
		A1D5045A1C525162004858E9 /* MMAlbumObject.h */ = {isa = PBXFileReference; fileEncoding = 4; lastKnownFileType = sourcecode.c.h; path = MMAlbumObject.h; sourceTree = "<group>"; };
		A1D5045B1C525162004858E9 /* MMAlbumObject.m */ = {isa = PBXFileReference; fileEncoding = 4; lastKnownFileType = sourcecode.c.objc; path = MMAlbumObject.m; sourceTree = "<group>"; };
		A1D5045D1C5266BA004858E9 /* placeholder.jpg */ = {isa = PBXFileReference; lastKnownFileType = image.jpeg; path = placeholder.jpg; sourceTree = "<group>"; };
		A42DA068266F868299E4EB4F /* Pods.debug.xcconfig */ = {isa = PBXFileReference; includeInIndex = 1; lastKnownFileType = text.xcconfig; name = Pods.debug.xcconfig; path = "Pods/Target Support Files/Pods/Pods.debug.xcconfig"; sourceTree = "<group>"; };
/* End PBXFileReference section */

/* Begin PBXFrameworksBuildPhase section */
		A1D504331C52426B004858E9 /* Frameworks */ = {
			isa = PBXFrameworksBuildPhase;
			buildActionMask = 2147483647;
			files = (
				965709BD7C8F5116C003C037 /* libPods.a in Frameworks */,
			);
			runOnlyForDeploymentPostprocessing = 0;
		};
/* End PBXFrameworksBuildPhase section */

/* Begin PBXGroup section */
		36B0A9A11EA1DDCAA50F7CB4 /* Pods */ = {
			isa = PBXGroup;
			children = (
				A42DA068266F868299E4EB4F /* Pods.debug.xcconfig */,
				00094F2AFB2CE4C5A1B4C54A /* Pods.release.xcconfig */,
			);
			name = Pods;
			sourceTree = "<group>";
		};
		A1D5042D1C52426B004858E9 = {
			isa = PBXGroup;
			children = (
				A1D504381C52426B004858E9 /* BeRepublicMusic */,
				A1D504371C52426B004858E9 /* Products */,
				36B0A9A11EA1DDCAA50F7CB4 /* Pods */,
				C2AA43AC72D5C875030632D8 /* Frameworks */,
			);
			sourceTree = "<group>";
		};
		A1D504371C52426B004858E9 /* Products */ = {
			isa = PBXGroup;
			children = (
				A1D504361C52426B004858E9 /* BeRepublicMusic.app */,
			);
			name = Products;
			sourceTree = "<group>";
		};
		A1D504381C52426B004858E9 /* BeRepublicMusic */ = {
			isa = PBXGroup;
			children = (
				A1D504561C5249B7004858E9 /* Engine */,
				A1D5043C1C52426C004858E9 /* AppDelegate.h */,
				A1D5043D1C52426C004858E9 /* AppDelegate.m */,
				A1D5043F1C52426C004858E9 /* ViewController.h */,
				A1D504401C52426C004858E9 /* ViewController.m */,
				A1D504421C52426C004858E9 /* Main.storyboard */,
				A1D504481C52426C004858E9 /* Assets.xcassets */,
				A1D5044A1C52426C004858E9 /* LaunchScreen.storyboard */,
				A1D5044D1C52426C004858E9 /* Info.plist */,
				A1D504451C52426C004858E9 /* BeRepublicMusic.xcdatamodeld */,
				A1D504391C52426C004858E9 /* Supporting Files */,
				A1D504571C524D12004858E9 /* MMQueryTableViewCell.h */,
				A1D504581C524D12004858E9 /* MMQueryTableViewCell.m */,
				A1D5045A1C525162004858E9 /* MMAlbumObject.h */,
				A1D5045B1C525162004858E9 /* MMAlbumObject.m */,
			);
			path = BeRepublicMusic;
			sourceTree = "<group>";
		};
		A1D504391C52426C004858E9 /* Supporting Files */ = {
			isa = PBXGroup;
			children = (
				A1D5045D1C5266BA004858E9 /* placeholder.jpg */,
				A1D5043A1C52426C004858E9 /* main.m */,
			);
			name = "Supporting Files";
			sourceTree = "<group>";
		};
		A1D504561C5249B7004858E9 /* Engine */ = {
			isa = PBXGroup;
			children = (
				A1D504531C524860004858E9 /* MMAPI.h */,
				A1D504541C524860004858E9 /* MMAPI.m */,
			);
			name = Engine;
			sourceTree = "<group>";
		};
		C2AA43AC72D5C875030632D8 /* Frameworks */ = {
			isa = PBXGroup;
			children = (
				6C8555D544E13834548D3F6A /* libPods.a */,
			);
			name = Frameworks;
			sourceTree = "<group>";
		};
/* End PBXGroup section */

/* Begin PBXNativeTarget section */
		A1D504351C52426B004858E9 /* BeRepublicMusic */ = {
			isa = PBXNativeTarget;
			buildConfigurationList = A1D504501C52426C004858E9 /* Build configuration list for PBXNativeTarget "BeRepublicMusic" */;
			buildPhases = (
				8831CAC9B97F227B4E935D92 /* Check Pods Manifest.lock */,
				A1D504321C52426B004858E9 /* Sources */,
				A1D504331C52426B004858E9 /* Frameworks */,
				A1D504341C52426B004858E9 /* Resources */,
				46D324A10A0A443D472C69FD /* Copy Pods Resources */,
			);
			buildRules = (
			);
			dependencies = (
			);
			name = BeRepublicMusic;
			productName = BeRepublicMusic;
			productReference = A1D504361C52426B004858E9 /* BeRepublicMusic.app */;
			productType = "com.apple.product-type.application";
		};
/* End PBXNativeTarget section */

/* Begin PBXProject section */
		A1D5042E1C52426B004858E9 /* Project object */ = {
			isa = PBXProject;
			attributes = {
				LastUpgradeCheck = 0720;
				ORGANIZATIONNAME = "Juan Miguel Marqués Morilla";
				TargetAttributes = {
					A1D504351C52426B004858E9 = {
						CreatedOnToolsVersion = 7.2;
					};
				};
			};
			buildConfigurationList = A1D504311C52426B004858E9 /* Build configuration list for PBXProject "BeRepublicMusic" */;
			compatibilityVersion = "Xcode 3.2";
			developmentRegion = English;
			hasScannedForEncodings = 0;
			knownRegions = (
				en,
				Base,
			);
			mainGroup = A1D5042D1C52426B004858E9;
			productRefGroup = A1D504371C52426B004858E9 /* Products */;
			projectDirPath = "";
			projectRoot = "";
			targets = (
				A1D504351C52426B004858E9 /* BeRepublicMusic */,
			);
		};
/* End PBXProject section */

/* Begin PBXResourcesBuildPhase section */
		A1D504341C52426B004858E9 /* Resources */ = {
			isa = PBXResourcesBuildPhase;
			buildActionMask = 2147483647;
			files = (
				A1D5044C1C52426C004858E9 /* LaunchScreen.storyboard in Resources */,
				A1D5045E1C5266BA004858E9 /* placeholder.jpg in Resources */,
				A1D504491C52426C004858E9 /* Assets.xcassets in Resources */,
				A1D504441C52426C004858E9 /* Main.storyboard in Resources */,
			);
			runOnlyForDeploymentPostprocessing = 0;
		};
/* End PBXResourcesBuildPhase section */

/* Begin PBXShellScriptBuildPhase section */
		46D324A10A0A443D472C69FD /* Copy Pods Resources */ = {
			isa = PBXShellScriptBuildPhase;
			buildActionMask = 2147483647;
			files = (
			);
			inputPaths = (
			);
			name = "Copy Pods Resources";
			outputPaths = (
			);
			runOnlyForDeploymentPostprocessing = 0;
			shellPath = /bin/sh;
			shellScript = "\"${SRCROOT}/Pods/Target Support Files/Pods/Pods-resources.sh\"\n";
			showEnvVarsInLog = 0;
		};
		8831CAC9B97F227B4E935D92 /* Check Pods Manifest.lock */ = {
			isa = PBXShellScriptBuildPhase;
			buildActionMask = 2147483647;
			files = (
			);
			inputPaths = (
			);
			name = "Check Pods Manifest.lock";
			outputPaths = (
			);
			runOnlyForDeploymentPostprocessing = 0;
			shellPath = /bin/sh;
			shellScript = "diff \"${PODS_ROOT}/../Podfile.lock\" \"${PODS_ROOT}/Manifest.lock\" > /dev/null\nif [[ $? != 0 ]] ; then\n    cat << EOM\nerror: The sandbox is not in sync with the Podfile.lock. Run 'pod install' or update your CocoaPods installation.\nEOM\n    exit 1\nfi\n";
			showEnvVarsInLog = 0;
		};
/* End PBXShellScriptBuildPhase section */

/* Begin PBXSourcesBuildPhase section */
		A1D504321C52426B004858E9 /* Sources */ = {
			isa = PBXSourcesBuildPhase;
			buildActionMask = 2147483647;
			files = (
				A1D504591C524D12004858E9 /* MMQueryTableViewCell.m in Sources */,
				A1D504551C524860004858E9 /* MMAPI.m in Sources */,
				A1D5045C1C525162004858E9 /* MMAlbumObject.m in Sources */,
				A1D504411C52426C004858E9 /* ViewController.m in Sources */,
				A1D5043E1C52426C004858E9 /* AppDelegate.m in Sources */,
				A1D504471C52426C004858E9 /* BeRepublicMusic.xcdatamodeld in Sources */,
				A1D5043B1C52426C004858E9 /* main.m in Sources */,
			);
			runOnlyForDeploymentPostprocessing = 0;
		};
/* End PBXSourcesBuildPhase section */

/* Begin PBXVariantGroup section */
		A1D504421C52426C004858E9 /* Main.storyboard */ = {
			isa = PBXVariantGroup;
			children = (
				A1D504431C52426C004858E9 /* Base */,
			);
			name = Main.storyboard;
			sourceTree = "<group>";
		};
		A1D5044A1C52426C004858E9 /* LaunchScreen.storyboard */ = {
			isa = PBXVariantGroup;
			children = (
				A1D5044B1C52426C004858E9 /* Base */,
			);
			name = LaunchScreen.storyboard;
			sourceTree = "<group>";
		};
/* End PBXVariantGroup section */

/* Begin XCBuildConfiguration section */
		A1D5044E1C52426C004858E9 /* Debug */ = {
			isa = XCBuildConfiguration;
			buildSettings = {
				ALWAYS_SEARCH_USER_PATHS = NO;
				CLANG_CXX_LANGUAGE_STANDARD = "gnu++0x";
				CLANG_CXX_LIBRARY = "libc++";
				CLANG_ENABLE_MODULES = YES;
				CLANG_ENABLE_OBJC_ARC = YES;
				CLANG_WARN_BOOL_CONVERSION = YES;
				CLANG_WARN_CONSTANT_CONVERSION = YES;
				CLANG_WARN_DIRECT_OBJC_ISA_USAGE = YES_ERROR;
				CLANG_WARN_EMPTY_BODY = YES;
				CLANG_WARN_ENUM_CONVERSION = YES;
				CLANG_WARN_INT_CONVERSION = YES;
				CLANG_WARN_OBJC_ROOT_CLASS = YES_ERROR;
				CLANG_WARN_UNREACHABLE_CODE = YES;
				CLANG_WARN__DUPLICATE_METHOD_MATCH = YES;
				"CODE_SIGN_IDENTITY[sdk=iphoneos*]" = "iPhone Developer";
				COPY_PHASE_STRIP = NO;
				DEBUG_INFORMATION_FORMAT = dwarf;
				ENABLE_STRICT_OBJC_MSGSEND = YES;
				ENABLE_TESTABILITY = YES;
				GCC_C_LANGUAGE_STANDARD = gnu99;
				GCC_DYNAMIC_NO_PIC = NO;
				GCC_NO_COMMON_BLOCKS = YES;
				GCC_OPTIMIZATION_LEVEL = 0;
				GCC_PREPROCESSOR_DEFINITIONS = (
					"DEBUG=1",
					"$(inherited)",
				);
				GCC_WARN_64_TO_32_BIT_CONVERSION = YES;
				GCC_WARN_ABOUT_RETURN_TYPE = YES_ERROR;
				GCC_WARN_UNDECLARED_SELECTOR = YES;
				GCC_WARN_UNINITIALIZED_AUTOS = YES_AGGRESSIVE;
				GCC_WARN_UNUSED_FUNCTION = YES;
				GCC_WARN_UNUSED_VARIABLE = YES;
				IPHONEOS_DEPLOYMENT_TARGET = 9.2;
				MTL_ENABLE_DEBUG_INFO = YES;
				ONLY_ACTIVE_ARCH = YES;
				SDKROOT = iphoneos;
				TARGETED_DEVICE_FAMILY = "1,2";
			};
			name = Debug;
		};
		A1D5044F1C52426C004858E9 /* Release */ = {
			isa = XCBuildConfiguration;
			buildSettings = {
				ALWAYS_SEARCH_USER_PATHS = NO;
				CLANG_CXX_LANGUAGE_STANDARD = "gnu++0x";
				CLANG_CXX_LIBRARY = "libc++";
				CLANG_ENABLE_MODULES = YES;
				CLANG_ENABLE_OBJC_ARC = YES;
				CLANG_WARN_BOOL_CONVERSION = YES;
				CLANG_WARN_CONSTANT_CONVERSION = YES;
				CLANG_WARN_DIRECT_OBJC_ISA_USAGE = YES_ERROR;
				CLANG_WARN_EMPTY_BODY = YES;
				CLANG_WARN_ENUM_CONVERSION = YES;
				CLANG_WARN_INT_CONVERSION = YES;
				CLANG_WARN_OBJC_ROOT_CLASS = YES_ERROR;
				CLANG_WARN_UNREACHABLE_CODE = YES;
				CLANG_WARN__DUPLICATE_METHOD_MATCH = YES;
				"CODE_SIGN_IDENTITY[sdk=iphoneos*]" = "iPhone Developer";
				COPY_PHASE_STRIP = NO;
				DEBUG_INFORMATION_FORMAT = "dwarf-with-dsym";
				ENABLE_NS_ASSERTIONS = NO;
				ENABLE_STRICT_OBJC_MSGSEND = YES;
				GCC_C_LANGUAGE_STANDARD = gnu99;
				GCC_NO_COMMON_BLOCKS = YES;
				GCC_WARN_64_TO_32_BIT_CONVERSION = YES;
				GCC_WARN_ABOUT_RETURN_TYPE = YES_ERROR;
				GCC_WARN_UNDECLARED_SELECTOR = YES;
				GCC_WARN_UNINITIALIZED_AUTOS = YES_AGGRESSIVE;
				GCC_WARN_UNUSED_FUNCTION = YES;
				GCC_WARN_UNUSED_VARIABLE = YES;
				IPHONEOS_DEPLOYMENT_TARGET = 9.2;
				MTL_ENABLE_DEBUG_INFO = NO;
				SDKROOT = iphoneos;
				TARGETED_DEVICE_FAMILY = "1,2";
				VALIDATE_PRODUCT = YES;
			};
			name = Release;
		};
		A1D504511C52426C004858E9 /* Debug */ = {
			isa = XCBuildConfiguration;
			baseConfigurationReference = A42DA068266F868299E4EB4F /* Pods.debug.xcconfig */;
			buildSettings = {
				ASSETCATALOG_COMPILER_APPICON_NAME = AppIcon;
				INFOPLIST_FILE = BeRepublicMusic/Info.plist;
				LD_RUNPATH_SEARCH_PATHS = "$(inherited) @executable_path/Frameworks";
				PRODUCT_BUNDLE_IDENTIFIER = iMark.BeRepublicMusic;
				PRODUCT_NAME = "$(TARGET_NAME)";
			};
			name = Debug;
		};
		A1D504521C52426C004858E9 /* Release */ = {
			isa = XCBuildConfiguration;
			baseConfigurationReference = 00094F2AFB2CE4C5A1B4C54A /* Pods.release.xcconfig */;
			buildSettings = {
				ASSETCATALOG_COMPILER_APPICON_NAME = AppIcon;
				INFOPLIST_FILE = BeRepublicMusic/Info.plist;
				LD_RUNPATH_SEARCH_PATHS = "$(inherited) @executable_path/Frameworks";
				PRODUCT_BUNDLE_IDENTIFIER = iMark.BeRepublicMusic;
				PRODUCT_NAME = "$(TARGET_NAME)";
			};
			name = Release;
		};
/* End XCBuildConfiguration section */

/* Begin XCConfigurationList section */
		A1D504311C52426B004858E9 /* Build configuration list for PBXProject "BeRepublicMusic" */ = {
			isa = XCConfigurationList;
			buildConfigurations = (
				A1D5044E1C52426C004858E9 /* Debug */,
				A1D5044F1C52426C004858E9 /* Release */,
			);
			defaultConfigurationIsVisible = 0;
			defaultConfigurationName = Release;
		};
		A1D504501C52426C004858E9 /* Build configuration list for PBXNativeTarget "BeRepublicMusic" */ = {
			isa = XCConfigurationList;
			buildConfigurations = (
				A1D504511C52426C004858E9 /* Debug */,
				A1D504521C52426C004858E9 /* Release */,
			);
			defaultConfigurationIsVisible = 0;
			defaultConfigurationName = Release;
		};
/* End XCConfigurationList section */

/* Begin XCVersionGroup section */
		A1D504451C52426C004858E9 /* BeRepublicMusic.xcdatamodeld */ = {
			isa = XCVersionGroup;
			children = (
				A1D504461C52426C004858E9 /* BeRepublicMusic.xcdatamodel */,
			);
			currentVersion = A1D504461C52426C004858E9 /* BeRepublicMusic.xcdatamodel */;
			path = BeRepublicMusic.xcdatamodeld;
			sourceTree = "<group>";
			versionGroupType = wrapper.xcdatamodel;
		};
/* End XCVersionGroup section */
	};
	rootObject = A1D5042E1C52426B004858E9 /* Project object */;
}
